# THIS IS AN AUTOGENERATED FILE. DO NOT EDIT THIS FILE DIRECTLY.
# yarn lockfile v1


its@~1.0.0:
  version "1.0.2"
  resolved "https://registry.yarnpkg.com/its/-/its-1.0.2.tgz#423f45bba995a59c68d1ecf8e848dc10891b4cd2"

json-over-tcp@^0.3.2:
  version "0.3.2"
  resolved "https://registry.yarnpkg.com/json-over-tcp/-/json-over-tcp-0.3.2.tgz#a2f1145e6fc45949fc73cd0b738a03004bea72f3"
  dependencies:
    its "~1.0.0"
